// !$*UTF8*$!
{
	archiveVersion = 1;
	classes = {
	};
	objectVersion = 50;
	objects = {

/* Begin PBXBuildFile section */
		B3CF644D35CFA38A73CA00FA /* Pods_SampleMessageApp.framework in Frameworks */ = {isa = PBXBuildFile; fileRef = BF84AFC0A886263976BACACA /* Pods_SampleMessageApp.framework */; };
		E407EA6A21ED0BF700E0E13E /* StretchyCollectionViewController.swift in Sources */ = {isa = PBXBuildFile; fileRef = E407EA6921ED0BF700E0E13E /* StretchyCollectionViewController.swift */; };
		E407EA6C21ED0FBB00E0E13E /* HeaderCollectionReusableView.swift in Sources */ = {isa = PBXBuildFile; fileRef = E407EA6B21ED0FBB00E0E13E /* HeaderCollectionReusableView.swift */; };
		E41C061721ED47A000C7CEA2 /* ButtonExtension.swift in Sources */ = {isa = PBXBuildFile; fileRef = E41C061621ED47A000C7CEA2 /* ButtonExtension.swift */; };
		E425029521E4CCA400966855 /* a_very_angry_sushi.json in Resources */ = {isa = PBXBuildFile; fileRef = E425029221E4CCA400966855 /* a_very_angry_sushi.json */; };
		E425029621E4CCA400966855 /* motorcycle.json in Resources */ = {isa = PBXBuildFile; fileRef = E425029321E4CCA400966855 /* motorcycle.json */; };
		E425029721E4CCA400966855 /* sushi_fitness.json in Resources */ = {isa = PBXBuildFile; fileRef = E425029421E4CCA400966855 /* sushi_fitness.json */; };
		E427F29421E511C5000AE1F4 /* SplashViewController.swift in Sources */ = {isa = PBXBuildFile; fileRef = E427F29321E511C5000AE1F4 /* SplashViewController.swift */; };
		E427F29621E51385000AE1F4 /* countdown.json in Resources */ = {isa = PBXBuildFile; fileRef = E427F29521E51385000AE1F4 /* countdown.json */; };
		E435A35521B8802100B5EE58 /* AppDelegate.swift in Sources */ = {isa = PBXBuildFile; fileRef = E435A35421B8802100B5EE58 /* AppDelegate.swift */; };
		E435A35721B8802100B5EE58 /* ViewController.swift in Sources */ = {isa = PBXBuildFile; fileRef = E435A35621B8802100B5EE58 /* ViewController.swift */; };
		E435A35C21B8802300B5EE58 /* Assets.xcassets in Resources */ = {isa = PBXBuildFile; fileRef = E435A35B21B8802300B5EE58 /* Assets.xcassets */; };
		E435A35F21B8802300B5EE58 /* LaunchScreen.storyboard in Resources */ = {isa = PBXBuildFile; fileRef = E435A35D21B8802300B5EE58 /* LaunchScreen.storyboard */; };
		E435A36721B884D800B5EE58 /* MessageCell.swift in Sources */ = {isa = PBXBuildFile; fileRef = E435A36621B884D800B5EE58 /* MessageCell.swift */; };
		E47B818521ED2B3900B5776A /* StretchyHeaderLayout.swift in Sources */ = {isa = PBXBuildFile; fileRef = E47B818421ED2B3900B5776A /* StretchyHeaderLayout.swift */; };
		E497B2B021C07D81001BD2DC /* SwippingPageViewController.swift in Sources */ = {isa = PBXBuildFile; fileRef = E497B2AF21C07D81001BD2DC /* SwippingPageViewController.swift */; };
		E4B911F521BC086600AC68E8 /* ChatMessage.swift in Sources */ = {isa = PBXBuildFile; fileRef = E4B911F421BC086600AC68E8 /* ChatMessage.swift */; };
		E4B911F721BC14B800AC68E8 /* DateExtension.swift in Sources */ = {isa = PBXBuildFile; fileRef = E4B911F621BC14B800AC68E8 /* DateExtension.swift */; };
		E4B911F921BC184A00AC68E8 /* DateHeaderLabel.swift in Sources */ = {isa = PBXBuildFile; fileRef = E4B911F821BC184A00AC68E8 /* DateHeaderLabel.swift */; };
		E4BBE44821ED3F6D0093172A /* MyCollectionViewCell.swift in Sources */ = {isa = PBXBuildFile; fileRef = E4BBE44721ED3F6D0093172A /* MyCollectionViewCell.swift */; };
		E4C4D9A821DF97AE00C4FB03 /* AnimationViewController.swift in Sources */ = {isa = PBXBuildFile; fileRef = E4C4D9A721DF97AE00C4FB03 /* AnimationViewController.swift */; };
		E4DA5D6621DE4B6500C24B71 /* PageCell.swift in Sources */ = {isa = PBXBuildFile; fileRef = E4DA5D6521DE4B6500C24B71 /* PageCell.swift */; };
		E4DA5D6821DE53DA00C24B71 /* Page.swift in Sources */ = {isa = PBXBuildFile; fileRef = E4DA5D6721DE53DA00C24B71 /* Page.swift */; };
/* End PBXBuildFile section */

/* Begin PBXFileReference section */
		1B20E272DF17F046DC27C79E /* Pods-SampleMessageApp.debug.xcconfig */ = {isa = PBXFileReference; includeInIndex = 1; lastKnownFileType = text.xcconfig; name = "Pods-SampleMessageApp.debug.xcconfig"; path = "Pods/Target Support Files/Pods-SampleMessageApp/Pods-SampleMessageApp.debug.xcconfig"; sourceTree = "<group>"; };
		BF84AFC0A886263976BACACA /* Pods_SampleMessageApp.framework */ = {isa = PBXFileReference; explicitFileType = wrapper.framework; includeInIndex = 0; path = Pods_SampleMessageApp.framework; sourceTree = BUILT_PRODUCTS_DIR; };
		D1259DFEACF4C83A0D127F81 /* Pods-SampleMessageApp.release.xcconfig */ = {isa = PBXFileReference; includeInIndex = 1; lastKnownFileType = text.xcconfig; name = "Pods-SampleMessageApp.release.xcconfig"; path = "Pods/Target Support Files/Pods-SampleMessageApp/Pods-SampleMessageApp.release.xcconfig"; sourceTree = "<group>"; };
		E407EA6921ED0BF700E0E13E /* StretchyCollectionViewController.swift */ = {isa = PBXFileReference; lastKnownFileType = sourcecode.swift; path = StretchyCollectionViewController.swift; sourceTree = "<group>"; };
		E407EA6B21ED0FBB00E0E13E /* HeaderCollectionReusableView.swift */ = {isa = PBXFileReference; lastKnownFileType = sourcecode.swift; path = HeaderCollectionReusableView.swift; sourceTree = "<group>"; };
		E41C061621ED47A000C7CEA2 /* ButtonExtension.swift */ = {isa = PBXFileReference; lastKnownFileType = sourcecode.swift; path = ButtonExtension.swift; sourceTree = "<group>"; };
		E425029221E4CCA400966855 /* a_very_angry_sushi.json */ = {isa = PBXFileReference; fileEncoding = 4; lastKnownFileType = text.json; path = a_very_angry_sushi.json; sourceTree = "<group>"; };
		E425029321E4CCA400966855 /* motorcycle.json */ = {isa = PBXFileReference; fileEncoding = 4; lastKnownFileType = text.json; path = motorcycle.json; sourceTree = "<group>"; };
		E425029421E4CCA400966855 /* sushi_fitness.json */ = {isa = PBXFileReference; fileEncoding = 4; lastKnownFileType = text.json; path = sushi_fitness.json; sourceTree = "<group>"; };
		E427F29321E511C5000AE1F4 /* SplashViewController.swift */ = {isa = PBXFileReference; lastKnownFileType = sourcecode.swift; path = SplashViewController.swift; sourceTree = "<group>"; };
		E427F29521E51385000AE1F4 /* countdown.json */ = {isa = PBXFileReference; fileEncoding = 4; lastKnownFileType = text.json; path = countdown.json; sourceTree = "<group>"; };
		E435A35121B8802100B5EE58 /* SampleMessageApp.app */ = {isa = PBXFileReference; explicitFileType = wrapper.application; includeInIndex = 0; path = SampleMessageApp.app; sourceTree = BUILT_PRODUCTS_DIR; };
		E435A35421B8802100B5EE58 /* AppDelegate.swift */ = {isa = PBXFileReference; lastKnownFileType = sourcecode.swift; path = AppDelegate.swift; sourceTree = "<group>"; };
		E435A35621B8802100B5EE58 /* ViewController.swift */ = {isa = PBXFileReference; lastKnownFileType = sourcecode.swift; path = ViewController.swift; sourceTree = "<group>"; };
		E435A35B21B8802300B5EE58 /* Assets.xcassets */ = {isa = PBXFileReference; lastKnownFileType = folder.assetcatalog; path = Assets.xcassets; sourceTree = "<group>"; };
		E435A35E21B8802300B5EE58 /* Base */ = {isa = PBXFileReference; lastKnownFileType = file.storyboard; name = Base; path = Base.lproj/LaunchScreen.storyboard; sourceTree = "<group>"; };
		E435A36021B8802300B5EE58 /* Info.plist */ = {isa = PBXFileReference; lastKnownFileType = text.plist.xml; path = Info.plist; sourceTree = "<group>"; };
		E435A36621B884D800B5EE58 /* MessageCell.swift */ = {isa = PBXFileReference; lastKnownFileType = sourcecode.swift; path = MessageCell.swift; sourceTree = "<group>"; };
		E47B818421ED2B3900B5776A /* StretchyHeaderLayout.swift */ = {isa = PBXFileReference; lastKnownFileType = sourcecode.swift; path = StretchyHeaderLayout.swift; sourceTree = "<group>"; };
		E497B2AF21C07D81001BD2DC /* SwippingPageViewController.swift */ = {isa = PBXFileReference; lastKnownFileType = sourcecode.swift; path = SwippingPageViewController.swift; sourceTree = "<group>"; };
		E4B911F421BC086600AC68E8 /* ChatMessage.swift */ = {isa = PBXFileReference; lastKnownFileType = sourcecode.swift; path = ChatMessage.swift; sourceTree = "<group>"; };
		E4B911F621BC14B800AC68E8 /* DateExtension.swift */ = {isa = PBXFileReference; lastKnownFileType = sourcecode.swift; path = DateExtension.swift; sourceTree = "<group>"; };
		E4B911F821BC184A00AC68E8 /* DateHeaderLabel.swift */ = {isa = PBXFileReference; lastKnownFileType = sourcecode.swift; path = DateHeaderLabel.swift; sourceTree = "<group>"; };
		E4BBE44721ED3F6D0093172A /* MyCollectionViewCell.swift */ = {isa = PBXFileReference; lastKnownFileType = sourcecode.swift; path = MyCollectionViewCell.swift; sourceTree = "<group>"; };
		E4C4D9A721DF97AE00C4FB03 /* AnimationViewController.swift */ = {isa = PBXFileReference; lastKnownFileType = sourcecode.swift; path = AnimationViewController.swift; sourceTree = "<group>"; };
		E4DA5D6521DE4B6500C24B71 /* PageCell.swift */ = {isa = PBXFileReference; lastKnownFileType = sourcecode.swift; path = PageCell.swift; sourceTree = "<group>"; };
		E4DA5D6721DE53DA00C24B71 /* Page.swift */ = {isa = PBXFileReference; lastKnownFileType = sourcecode.swift; path = Page.swift; sourceTree = "<group>"; };
/* End PBXFileReference section */

/* Begin PBXFrameworksBuildPhase section */
		E435A34E21B8802000B5EE58 /* Frameworks */ = {
			isa = PBXFrameworksBuildPhase;
			buildActionMask = 2147483647;
			files = (
				B3CF644D35CFA38A73CA00FA /* Pods_SampleMessageApp.framework in Frameworks */,
			);
			runOnlyForDeploymentPostprocessing = 0;
		};
/* End PBXFrameworksBuildPhase section */

/* Begin PBXGroup section */
		BCCB86351C50692A0C6D4E64 /* Pods */ = {
			isa = PBXGroup;
			children = (
				1B20E272DF17F046DC27C79E /* Pods-SampleMessageApp.debug.xcconfig */,
				D1259DFEACF4C83A0D127F81 /* Pods-SampleMessageApp.release.xcconfig */,
			);
			name = Pods;
			sourceTree = "<group>";
		};
		CC0981929CB2D9771D4B0B5A /* Frameworks */ = {
			isa = PBXGroup;
			children = (
				BF84AFC0A886263976BACACA /* Pods_SampleMessageApp.framework */,
			);
			name = Frameworks;
			sourceTree = "<group>";
		};
		E425029121E4CC8900966855 /* LottieAnimations */ = {
			isa = PBXGroup;
			children = (
				E427F29521E51385000AE1F4 /* countdown.json */,
				E425029221E4CCA400966855 /* a_very_angry_sushi.json */,
				E425029321E4CCA400966855 /* motorcycle.json */,
				E425029421E4CCA400966855 /* sushi_fitness.json */,
			);
			path = LottieAnimations;
			sourceTree = "<group>";
		};
		E435A34821B8802000B5EE58 = {
			isa = PBXGroup;
			children = (
				E435A35321B8802100B5EE58 /* SampleMessageApp */,
				E435A35221B8802100B5EE58 /* Products */,
				BCCB86351C50692A0C6D4E64 /* Pods */,
				CC0981929CB2D9771D4B0B5A /* Frameworks */,
			);
			sourceTree = "<group>";
		};
		E435A35221B8802100B5EE58 /* Products */ = {
			isa = PBXGroup;
			children = (
				E435A35121B8802100B5EE58 /* SampleMessageApp.app */,
			);
			name = Products;
			sourceTree = "<group>";
		};
		E435A35321B8802100B5EE58 /* SampleMessageApp */ = {
			isa = PBXGroup;
			children = (
				E425029121E4CC8900966855 /* LottieAnimations */,
				E435A35421B8802100B5EE58 /* AppDelegate.swift */,
				E427F29321E511C5000AE1F4 /* SplashViewController.swift */,
				E435A35621B8802100B5EE58 /* ViewController.swift */,
				E497B2AF21C07D81001BD2DC /* SwippingPageViewController.swift */,
				E407EA6921ED0BF700E0E13E /* StretchyCollectionViewController.swift */,
				E407EA6B21ED0FBB00E0E13E /* HeaderCollectionReusableView.swift */,
				E4BBE44721ED3F6D0093172A /* MyCollectionViewCell.swift */,
				E47B818421ED2B3900B5776A /* StretchyHeaderLayout.swift */,
				E4C4D9A721DF97AE00C4FB03 /* AnimationViewController.swift */,
				E4DA5D6721DE53DA00C24B71 /* Page.swift */,
				E4DA5D6521DE4B6500C24B71 /* PageCell.swift */,
				E435A36621B884D800B5EE58 /* MessageCell.swift */,
				E4B911F421BC086600AC68E8 /* ChatMessage.swift */,
				E4B911F621BC14B800AC68E8 /* DateExtension.swift */,
				E4B911F821BC184A00AC68E8 /* DateHeaderLabel.swift */,
				E41C061621ED47A000C7CEA2 /* ButtonExtension.swift */,
				E435A35B21B8802300B5EE58 /* Assets.xcassets */,
				E435A35D21B8802300B5EE58 /* LaunchScreen.storyboard */,
				E435A36021B8802300B5EE58 /* Info.plist */,
			);
			path = SampleMessageApp;
			sourceTree = "<group>";
		};
/* End PBXGroup section */

/* Begin PBXNativeTarget section */
		E435A35021B8802000B5EE58 /* SampleMessageApp */ = {
			isa = PBXNativeTarget;
			buildConfigurationList = E435A36321B8802300B5EE58 /* Build configuration list for PBXNativeTarget "SampleMessageApp" */;
			buildPhases = (
				75E4632181F3BCB5D2155B0C /* [CP] Check Pods Manifest.lock */,
				E435A34D21B8802000B5EE58 /* Sources */,
				E435A34E21B8802000B5EE58 /* Frameworks */,
				E435A34F21B8802000B5EE58 /* Resources */,
				60A80C5B94FD198F0636A74C /* [CP] Embed Pods Frameworks */,
			);
			buildRules = (
			);
			dependencies = (
			);
			name = SampleMessageApp;
			productName = SampleMessageApp;
			productReference = E435A35121B8802100B5EE58 /* SampleMessageApp.app */;
			productType = "com.apple.product-type.application";
		};
/* End PBXNativeTarget section */

/* Begin PBXProject section */
		E435A34921B8802000B5EE58 /* Project object */ = {
			isa = PBXProject;
			attributes = {
				LastSwiftUpdateCheck = 1010;
				LastUpgradeCheck = 1010;
				ORGANIZATIONNAME = "Adriano Song";
				TargetAttributes = {
					E435A35021B8802000B5EE58 = {
						CreatedOnToolsVersion = 10.1;
					};
				};
			};
			buildConfigurationList = E435A34C21B8802000B5EE58 /* Build configuration list for PBXProject "SampleMessageApp" */;
			compatibilityVersion = "Xcode 9.3";
			developmentRegion = en;
			hasScannedForEncodings = 0;
			knownRegions = (
				en,
				Base,
			);
			mainGroup = E435A34821B8802000B5EE58;
			productRefGroup = E435A35221B8802100B5EE58 /* Products */;
			projectDirPath = "";
			projectRoot = "";
			targets = (
				E435A35021B8802000B5EE58 /* SampleMessageApp */,
			);
		};
/* End PBXProject section */

/* Begin PBXResourcesBuildPhase section */
		E435A34F21B8802000B5EE58 /* Resources */ = {
			isa = PBXResourcesBuildPhase;
			buildActionMask = 2147483647;
			files = (
				E425029621E4CCA400966855 /* motorcycle.json in Resources */,
				E425029721E4CCA400966855 /* sushi_fitness.json in Resources */,
				E435A35F21B8802300B5EE58 /* LaunchScreen.storyboard in Resources */,
				E427F29621E51385000AE1F4 /* countdown.json in Resources */,
				E425029521E4CCA400966855 /* a_very_angry_sushi.json in Resources */,
				E435A35C21B8802300B5EE58 /* Assets.xcassets in Resources */,
			);
			runOnlyForDeploymentPostprocessing = 0;
		};
/* End PBXResourcesBuildPhase section */

/* Begin PBXShellScriptBuildPhase section */
		60A80C5B94FD198F0636A74C /* [CP] Embed Pods Frameworks */ = {
			isa = PBXShellScriptBuildPhase;
			buildActionMask = 2147483647;
			files = (
			);
			inputFileListPaths = (
			);
			inputPaths = (
				"${SRCROOT}/Pods/Target Support Files/Pods-SampleMessageApp/Pods-SampleMessageApp-frameworks.sh",
				"${BUILT_PRODUCTS_DIR}/lottie-ios/Lottie.framework",
			);
			name = "[CP] Embed Pods Frameworks";
			outputFileListPaths = (
			);
			outputPaths = (
				"${TARGET_BUILD_DIR}/${FRAMEWORKS_FOLDER_PATH}/Lottie.framework",
			);
			runOnlyForDeploymentPostprocessing = 0;
			shellPath = /bin/sh;
			shellScript = "\"${SRCROOT}/Pods/Target Support Files/Pods-SampleMessageApp/Pods-SampleMessageApp-frameworks.sh\"\n";
			showEnvVarsInLog = 0;
		};
		75E4632181F3BCB5D2155B0C /* [CP] Check Pods Manifest.lock */ = {
			isa = PBXShellScriptBuildPhase;
			buildActionMask = 2147483647;
			files = (
			);
			inputFileListPaths = (
			);
			inputPaths = (
				"${PODS_PODFILE_DIR_PATH}/Podfile.lock",
				"${PODS_ROOT}/Manifest.lock",
			);
			name = "[CP] Check Pods Manifest.lock";
			outputFileListPaths = (
			);
			outputPaths = (
				"$(DERIVED_FILE_DIR)/Pods-SampleMessageApp-checkManifestLockResult.txt",
			);
			runOnlyForDeploymentPostprocessing = 0;
			shellPath = /bin/sh;
			shellScript = "diff \"${PODS_PODFILE_DIR_PATH}/Podfile.lock\" \"${PODS_ROOT}/Manifest.lock\" > /dev/null\nif [ $? != 0 ] ; then\n    # print error to STDERR\n    echo \"error: The sandbox is not in sync with the Podfile.lock. Run 'pod install' or update your CocoaPods installation.\" >&2\n    exit 1\nfi\n# This output is used by Xcode 'outputs' to avoid re-running this script phase.\necho \"SUCCESS\" > \"${SCRIPT_OUTPUT_FILE_0}\"\n";
			showEnvVarsInLog = 0;
		};
/* End PBXShellScriptBuildPhase section */

/* Begin PBXSourcesBuildPhase section */
		E435A34D21B8802000B5EE58 /* Sources */ = {
			isa = PBXSourcesBuildPhase;
			buildActionMask = 2147483647;
			files = (
				E435A35721B8802100B5EE58 /* ViewController.swift in Sources */,
				E4B911F721BC14B800AC68E8 /* DateExtension.swift in Sources */,
				E4B911F521BC086600AC68E8 /* ChatMessage.swift in Sources */,
				E435A35521B8802100B5EE58 /* AppDelegate.swift in Sources */,
				E435A36721B884D800B5EE58 /* MessageCell.swift in Sources */,
				E407EA6C21ED0FBB00E0E13E /* HeaderCollectionReusableView.swift in Sources */,
				E4DA5D6821DE53DA00C24B71 /* Page.swift in Sources */,
				E407EA6A21ED0BF700E0E13E /* StretchyCollectionViewController.swift in Sources */,
				E4B911F921BC184A00AC68E8 /* DateHeaderLabel.swift in Sources */,
				E41C061721ED47A000C7CEA2 /* ButtonExtension.swift in Sources */,
				E4C4D9A821DF97AE00C4FB03 /* AnimationViewController.swift in Sources */,
				E47B818521ED2B3900B5776A /* StretchyHeaderLayout.swift in Sources */,
				E4BBE44821ED3F6D0093172A /* MyCollectionViewCell.swift in Sources */,
				E4DA5D6621DE4B6500C24B71 /* PageCell.swift in Sources */,
				E497B2B021C07D81001BD2DC /* SwippingPageViewController.swift in Sources */,
				E427F29421E511C5000AE1F4 /* SplashViewController.swift in Sources */,
			);
			runOnlyForDeploymentPostprocessing = 0;
		};
/* End PBXSourcesBuildPhase section */

/* Begin PBXVariantGroup section */
		E435A35D21B8802300B5EE58 /* LaunchScreen.storyboard */ = {
			isa = PBXVariantGroup;
			children = (
				E435A35E21B8802300B5EE58 /* Base */,
			);
			name = LaunchScreen.storyboard;
			sourceTree = "<group>";
		};
/* End PBXVariantGroup section */

/* Begin XCBuildConfiguration section */
		E435A36121B8802300B5EE58 /* Debug */ = {
			isa = XCBuildConfiguration;
			buildSettings = {
				ALWAYS_SEARCH_USER_PATHS = NO;
				CLANG_ANALYZER_NONNULL = YES;
				CLANG_ANALYZER_NUMBER_OBJECT_CONVERSION = YES_AGGRESSIVE;
				CLANG_CXX_LANGUAGE_STANDARD = "gnu++14";
				CLANG_CXX_LIBRARY = "libc++";
				CLANG_ENABLE_MODULES = YES;
				CLANG_ENABLE_OBJC_ARC = YES;
				CLANG_ENABLE_OBJC_WEAK = YES;
				CLANG_WARN_BLOCK_CAPTURE_AUTORELEASING = YES;
				CLANG_WARN_BOOL_CONVERSION = YES;
				CLANG_WARN_COMMA = YES;
				CLANG_WARN_CONSTANT_CONVERSION = YES;
				CLANG_WARN_DEPRECATED_OBJC_IMPLEMENTATIONS = YES;
				CLANG_WARN_DIRECT_OBJC_ISA_USAGE = YES_ERROR;
				CLANG_WARN_DOCUMENTATION_COMMENTS = YES;
				CLANG_WARN_EMPTY_BODY = YES;
				CLANG_WARN_ENUM_CONVERSION = YES;
				CLANG_WARN_INFINITE_RECURSION = YES;
				CLANG_WARN_INT_CONVERSION = YES;
				CLANG_WARN_NON_LITERAL_NULL_CONVERSION = YES;
				CLANG_WARN_OBJC_IMPLICIT_RETAIN_SELF = YES;
				CLANG_WARN_OBJC_LITERAL_CONVERSION = YES;
				CLANG_WARN_OBJC_ROOT_CLASS = YES_ERROR;
				CLANG_WARN_RANGE_LOOP_ANALYSIS = YES;
				CLANG_WARN_STRICT_PROTOTYPES = YES;
				CLANG_WARN_SUSPICIOUS_MOVE = YES;
				CLANG_WARN_UNGUARDED_AVAILABILITY = YES_AGGRESSIVE;
				CLANG_WARN_UNREACHABLE_CODE = YES;
				CLANG_WARN__DUPLICATE_METHOD_MATCH = YES;
				CODE_SIGN_IDENTITY = "iPhone Developer";
				COPY_PHASE_STRIP = NO;
				DEBUG_INFORMATION_FORMAT = dwarf;
				ENABLE_STRICT_OBJC_MSGSEND = YES;
				ENABLE_TESTABILITY = YES;
				GCC_C_LANGUAGE_STANDARD = gnu11;
				GCC_DYNAMIC_NO_PIC = NO;
				GCC_NO_COMMON_BLOCKS = YES;
				GCC_OPTIMIZATION_LEVEL = 0;
				GCC_PREPROCESSOR_DEFINITIONS = (
					"DEBUG=1",
					"$(inherited)",
				);
				GCC_WARN_64_TO_32_BIT_CONVERSION = YES;
				GCC_WARN_ABOUT_RETURN_TYPE = YES_ERROR;
				GCC_WARN_UNDECLARED_SELECTOR = YES;
				GCC_WARN_UNINITIALIZED_AUTOS = YES_AGGRESSIVE;
				GCC_WARN_UNUSED_FUNCTION = YES;
				GCC_WARN_UNUSED_VARIABLE = YES;
				IPHONEOS_DEPLOYMENT_TARGET = 12.1;
				MTL_ENABLE_DEBUG_INFO = INCLUDE_SOURCE;
				MTL_FAST_MATH = YES;
				ONLY_ACTIVE_ARCH = YES;
				SDKROOT = iphoneos;
				SWIFT_ACTIVE_COMPILATION_CONDITIONS = DEBUG;
				SWIFT_OPTIMIZATION_LEVEL = "-Onone";
			};
			name = Debug;
		};
		E435A36221B8802300B5EE58 /* Release */ = {
			isa = XCBuildConfiguration;
			buildSettings = {
				ALWAYS_SEARCH_USER_PATHS = NO;
				CLANG_ANALYZER_NONNULL = YES;
				CLANG_ANALYZER_NUMBER_OBJECT_CONVERSION = YES_AGGRESSIVE;
				CLANG_CXX_LANGUAGE_STANDARD = "gnu++14";
				CLANG_CXX_LIBRARY = "libc++";
				CLANG_ENABLE_MODULES = YES;
				CLANG_ENABLE_OBJC_ARC = YES;
				CLANG_ENABLE_OBJC_WEAK = YES;
				CLANG_WARN_BLOCK_CAPTURE_AUTORELEASING = YES;
				CLANG_WARN_BOOL_CONVERSION = YES;
				CLANG_WARN_COMMA = YES;
				CLANG_WARN_CONSTANT_CONVERSION = YES;
				CLANG_WARN_DEPRECATED_OBJC_IMPLEMENTATIONS = YES;
				CLANG_WARN_DIRECT_OBJC_ISA_USAGE = YES_ERROR;
				CLANG_WARN_DOCUMENTATION_COMMENTS = YES;
				CLANG_WARN_EMPTY_BODY = YES;
				CLANG_WARN_ENUM_CONVERSION = YES;
				CLANG_WARN_INFINITE_RECURSION = YES;
				CLANG_WARN_INT_CONVERSION = YES;
				CLANG_WARN_NON_LITERAL_NULL_CONVERSION = YES;
				CLANG_WARN_OBJC_IMPLICIT_RETAIN_SELF = YES;
				CLANG_WARN_OBJC_LITERAL_CONVERSION = YES;
				CLANG_WARN_OBJC_ROOT_CLASS = YES_ERROR;
				CLANG_WARN_RANGE_LOOP_ANALYSIS = YES;
				CLANG_WARN_STRICT_PROTOTYPES = YES;
				CLANG_WARN_SUSPICIOUS_MOVE = YES;
				CLANG_WARN_UNGUARDED_AVAILABILITY = YES_AGGRESSIVE;
				CLANG_WARN_UNREACHABLE_CODE = YES;
				CLANG_WARN__DUPLICATE_METHOD_MATCH = YES;
				CODE_SIGN_IDENTITY = "iPhone Developer";
				COPY_PHASE_STRIP = NO;
				DEBUG_INFORMATION_FORMAT = "dwarf-with-dsym";
				ENABLE_NS_ASSERTIONS = NO;
				ENABLE_STRICT_OBJC_MSGSEND = YES;
				GCC_C_LANGUAGE_STANDARD = gnu11;
				GCC_NO_COMMON_BLOCKS = YES;
				GCC_WARN_64_TO_32_BIT_CONVERSION = YES;
				GCC_WARN_ABOUT_RETURN_TYPE = YES_ERROR;
				GCC_WARN_UNDECLARED_SELECTOR = YES;
				GCC_WARN_UNINITIALIZED_AUTOS = YES_AGGRESSIVE;
				GCC_WARN_UNUSED_FUNCTION = YES;
				GCC_WARN_UNUSED_VARIABLE = YES;
				IPHONEOS_DEPLOYMENT_TARGET = 12.1;
				MTL_ENABLE_DEBUG_INFO = NO;
				MTL_FAST_MATH = YES;
				SDKROOT = iphoneos;
				SWIFT_COMPILATION_MODE = wholemodule;
				SWIFT_OPTIMIZATION_LEVEL = "-O";
				VALIDATE_PRODUCT = YES;
			};
			name = Release;
		};
		E435A36421B8802300B5EE58 /* Debug */ = {
			isa = XCBuildConfiguration;
			baseConfigurationReference = 1B20E272DF17F046DC27C79E /* Pods-SampleMessageApp.debug.xcconfig */;
			buildSettings = {
				ASSETCATALOG_COMPILER_APPICON_NAME = AppIcon;
				CODE_SIGN_IDENTITY = "iPhone Developer";
				CODE_SIGN_STYLE = Automatic;
				DEVELOPMENT_TEAM = FSVJFG5LU6;
				INFOPLIST_FILE = SampleMessageApp/Info.plist;
				IPHONEOS_DEPLOYMENT_TARGET = 12.1;
				LD_RUNPATH_SEARCH_PATHS = (
					"$(inherited)",
					"@executable_path/Frameworks",
				);
				PRODUCT_BUNDLE_IDENTIFIER = com.br.adriano.song.samplemessageapp.SampleMessageApp;
				PRODUCT_NAME = "$(TARGET_NAME)";
				PROVISIONING_PROFILE_SPECIFIER = "";
				SWIFT_VERSION = 4.2;
				TARGETED_DEVICE_FAMILY = 1;
			};
			name = Debug;
		};
		E435A36521B8802300B5EE58 /* Release */ = {
			isa = XCBuildConfiguration;
			baseConfigurationReference = D1259DFEACF4C83A0D127F81 /* Pods-SampleMessageApp.release.xcconfig */;
			buildSettings = {
				ASSETCATALOG_COMPILER_APPICON_NAME = AppIcon;
				CODE_SIGN_IDENTITY = "iPhone Developer";
				CODE_SIGN_STYLE = Automatic;
				DEVELOPMENT_TEAM = FSVJFG5LU6;
				INFOPLIST_FILE = SampleMessageApp/Info.plist;
				IPHONEOS_DEPLOYMENT_TARGET = 12.1;
				LD_RUNPATH_SEARCH_PATHS = (
					"$(inherited)",
					"@executable_path/Frameworks",
				);
				PRODUCT_BUNDLE_IDENTIFIER = com.br.adriano.song.samplemessageapp.SampleMessageApp;
				PRODUCT_NAME = "$(TARGET_NAME)";
				PROVISIONING_PROFILE_SPECIFIER = "";
				SWIFT_VERSION = 4.2;
				TARGETED_DEVICE_FAMILY = 1;
			};
			name = Release;
		};
/* End XCBuildConfiguration section */

/* Begin XCConfigurationList section */
		E435A34C21B8802000B5EE58 /* Build configuration list for PBXProject "SampleMessageApp" */ = {
			isa = XCConfigurationList;
			buildConfigurations = (
				E435A36121B8802300B5EE58 /* Debug */,
				E435A36221B8802300B5EE58 /* Release */,
			);
			defaultConfigurationIsVisible = 0;
			defaultConfigurationName = Release;
		};
		E435A36321B8802300B5EE58 /* Build configuration list for PBXNativeTarget "SampleMessageApp" */ = {
			isa = XCConfigurationList;
			buildConfigurations = (
				E435A36421B8802300B5EE58 /* Debug */,
				E435A36521B8802300B5EE58 /* Release */,
			);
			defaultConfigurationIsVisible = 0;
			defaultConfigurationName = Release;
		};
/* End XCConfigurationList section */
	};
	rootObject = E435A34921B8802000B5EE58 /* Project object */;
}
